
Microsoft Visual Studio Solution File, Format Version 12.00
# Visual Studio Version 17
VisualStudioVersion = 17.4.33213.308
MinimumVisualStudioVersion = 10.0.40219.1
Project("{FAE04EC0-301F-11D3-BF4B-00C04F79EFBC}") = "Project2", "Project2.csproj", "{AA780A29-CE17-491F-9385-F50B9095924A}"
EndProject
Global
	GlobalSection(SolutionConfigurationPlatforms) = preSolution
		Debug|Any CPU = Debug|Any CPU
		Release|Any CPU = Release|Any CPU
	EndGlobalSection
	GlobalSection(ProjectConfigurationPlatforms) = postSolution
		{AA780A29-CE17-491F-9385-F50B9095924A}.Debug|Any CPU.ActiveCfg = Debug|Any CPU
		{AA780A29-CE17-491F-9385-F50B9095924A}.Debug|Any CPU.Build.0 = Debug|Any CPU
		{AA780A29-CE17-491F-9385-F50B9095924A}.Release|Any CPU.ActiveCfg = Release|Any CPU
		{AA780A29-CE17-491F-9385-F50B9095924A}.Release|Any CPU.Build.0 = Release|Any CPU
	EndGlobalSection
	GlobalSection(SolutionProperties) = preSolution
		HideSolutionNode = FALSE
	EndGlobalSection
	GlobalSection(ExtensibilityGlobals) = postSolution
		SolutionGuid = {EBEB3673-5EDD-4587-BCD0-060661227A45}
	EndGlobalSection
EndGlobal
